
Microsoft Visual Studio Solution File, Format Version 12.00
# Visual Studio Version 17
VisualStudioVersion = 17.5.33502.453
MinimumVisualStudioVersion = 10.0.40219.1
Project("{9A19103F-16F7-4668-BE54-9A1E7A4F7556}") = "API", "API\API.csproj", "{DFEB7F05-60AF-4CA7-A8C5-5540798D952F}"
	ProjectSection(ProjectDependencies) = postProject
		{C396B9C0-233D-4289-98F8-688DE9033018} = {C396B9C0-233D-4289-98F8-688DE9033018}
	EndProjectSection
EndProject
Project("{9A19103F-16F7-4668-BE54-9A1E7A4F7556}") = "Infrastructure", "Infrastructure\Infrastructure.csproj", "{C396B9C0-233D-4289-98F8-688DE9033018}"
	ProjectSection(ProjectDependencies) = postProject
		{688AB3D6-8AB1-44F4-885B-79C4E1B7966E} = {688AB3D6-8AB1-44F4-885B-79C4E1B7966E}
	EndProjectSection
EndProject
Project("{FAE04EC0-301F-11D3-BF4B-00C04F79EFBC}") = "Core", "Core\Core.csproj", "{688AB3D6-8AB1-44F4-885B-79C4E1B7966E}"
EndProject
Global
	GlobalSection(SolutionConfigurationPlatforms) = preSolution
		Debug|Any CPU = Debug|Any CPU
		Release|Any CPU = Release|Any CPU
	EndGlobalSection
	GlobalSection(ProjectConfigurationPlatforms) = postSolution
		{DFEB7F05-60AF-4CA7-A8C5-5540798D952F}.Debug|Any CPU.ActiveCfg = Debug|Any CPU
		{DFEB7F05-60AF-4CA7-A8C5-5540798D952F}.Debug|Any CPU.Build.0 = Debug|Any CPU
		{DFEB7F05-60AF-4CA7-A8C5-5540798D952F}.Release|Any CPU.ActiveCfg = Release|Any CPU
		{DFEB7F05-60AF-4CA7-A8C5-5540798D952F}.Release|Any CPU.Build.0 = Release|Any CPU
		{C396B9C0-233D-4289-98F8-688DE9033018}.Debug|Any CPU.ActiveCfg = Debug|Any CPU
		{C396B9C0-233D-4289-98F8-688DE9033018}.Debug|Any CPU.Build.0 = Debug|Any CPU
		{C396B9C0-233D-4289-98F8-688DE9033018}.Release|Any CPU.ActiveCfg = Release|Any CPU
		{C396B9C0-233D-4289-98F8-688DE9033018}.Release|Any CPU.Build.0 = Release|Any CPU
		{688AB3D6-8AB1-44F4-885B-79C4E1B7966E}.Debug|Any CPU.ActiveCfg = Debug|Any CPU
		{688AB3D6-8AB1-44F4-885B-79C4E1B7966E}.Debug|Any CPU.Build.0 = Debug|Any CPU
		{688AB3D6-8AB1-44F4-885B-79C4E1B7966E}.Release|Any CPU.ActiveCfg = Release|Any CPU
		{688AB3D6-8AB1-44F4-885B-79C4E1B7966E}.Release|Any CPU.Build.0 = Release|Any CPU
	EndGlobalSection
	GlobalSection(SolutionProperties) = preSolution
		HideSolutionNode = FALSE
	EndGlobalSection
	GlobalSection(ExtensibilityGlobals) = postSolution
		SolutionGuid = {33A2A250-7E97-4092-B3A5-99594E5EDF3B}
	EndGlobalSection
EndGlobal
